
Microsoft Visual Studio Solution File, Format Version 12.00
# Visual Studio 15
VisualStudioVersion = 15.0.28307.1340
MinimumVisualStudioVersion = 10.0.40219.1
Project("{FAE04EC0-301F-11D3-BF4B-00C04F79EFBC}") = "calculoSalario", "calculoSalario\calculoSalario.csproj", "{52ABC761-3B2A-46FB-B5D6-6CFCD2A15CE6}"
EndProject
Global
	GlobalSection(SolutionConfigurationPlatforms) = preSolution
		Debug|Any CPU = Debug|Any CPU
		Release|Any CPU = Release|Any CPU
	EndGlobalSection
	GlobalSection(ProjectConfigurationPlatforms) = postSolution
		{52ABC761-3B2A-46FB-B5D6-6CFCD2A15CE6}.Debug|Any CPU.ActiveCfg = Debug|Any CPU
		{52ABC761-3B2A-46FB-B5D6-6CFCD2A15CE6}.Debug|Any CPU.Build.0 = Debug|Any CPU
		{52ABC761-3B2A-46FB-B5D6-6CFCD2A15CE6}.Release|Any CPU.ActiveCfg = Release|Any CPU
		{52ABC761-3B2A-46FB-B5D6-6CFCD2A15CE6}.Release|Any CPU.Build.0 = Release|Any CPU
	EndGlobalSection
	GlobalSection(SolutionProperties) = preSolution
		HideSolutionNode = FALSE
	EndGlobalSection
	GlobalSection(ExtensibilityGlobals) = postSolution
		SolutionGuid = {D9846EE8-2AB9-40EF-A011-B91D6EA5747E}
	EndGlobalSection
EndGlobal
